// !$*UTF8*$!
{
	archiveVersion = 1;
	classes = {
	};
	objectVersion = 56;
	objects = {

/* Begin PBXBuildFile section */
		3C8AC8792D18104A008CE8EC /* CaliApp.swift in Sources */ = {isa = PBXBuildFile; fileRef = 3C8AC8782D18104A008CE8EC /* CaliApp.swift */; };
		3C8AC87B2D18104A008CE8EC /* ContentView.swift in Sources */ = {isa = PBXBuildFile; fileRef = 3C8AC87A2D18104A008CE8EC /* ContentView.swift */; };
		3C8AC87D2D18104C008CE8EC /* Assets.xcassets in Resources */ = {isa = PBXBuildFile; fileRef = 3C8AC87C2D18104C008CE8EC /* Assets.xcassets */; };
		3C8AC8802D18104C008CE8EC /* Preview Assets.xcassets in Resources */ = {isa = PBXBuildFile; fileRef = 3C8AC87F2D18104C008CE8EC /* Preview Assets.xcassets */; };
		3C8AC88A2D18104C008CE8EC /* CaliTests.swift in Sources */ = {isa = PBXBuildFile; fileRef = 3C8AC8892D18104C008CE8EC /* CaliTests.swift */; };
		3C8AC8942D18104C008CE8EC /* CaliUITests.swift in Sources */ = {isa = PBXBuildFile; fileRef = 3C8AC8932D18104C008CE8EC /* CaliUITests.swift */; };
		3C8AC8962D18104C008CE8EC /* CaliUITestsLaunchTests.swift in Sources */ = {isa = PBXBuildFile; fileRef = 3C8AC8952D18104C008CE8EC /* CaliUITestsLaunchTests.swift */; };
/* End PBXBuildFile section */

/* Begin PBXContainerItemProxy section */
		3C8AC8862D18104C008CE8EC /* PBXContainerItemProxy */ = {
			isa = PBXContainerItemProxy;
			containerPortal = 3C8AC86D2D18104A008CE8EC /* Project object */;
			proxyType = 1;
			remoteGlobalIDString = 3C8AC8742D18104A008CE8EC;
			remoteInfo = Cali;
		};
		3C8AC8902D18104C008CE8EC /* PBXContainerItemProxy */ = {
			isa = PBXContainerItemProxy;
			containerPortal = 3C8AC86D2D18104A008CE8EC /* Project object */;
			proxyType = 1;
			remoteGlobalIDString = 3C8AC8742D18104A008CE8EC;
			remoteInfo = Cali;
		};
/* End PBXContainerItemProxy section */

/* Begin PBXFileReference section */
		3C8AC8752D18104A008CE8EC /* Cali.app */ = {isa = PBXFileReference; explicitFileType = wrapper.application; includeInIndex = 0; path = Cali.app; sourceTree = BUILT_PRODUCTS_DIR; };
		3C8AC8782D18104A008CE8EC /* CaliApp.swift */ = {isa = PBXFileReference; lastKnownFileType = sourcecode.swift; path = CaliApp.swift; sourceTree = "<group>"; };
		3C8AC87A2D18104A008CE8EC /* ContentView.swift */ = {isa = PBXFileReference; lastKnownFileType = sourcecode.swift; path = ContentView.swift; sourceTree = "<group>"; };
		3C8AC87C2D18104C008CE8EC /* Assets.xcassets */ = {isa = PBXFileReference; lastKnownFileType = folder.assetcatalog; path = Assets.xcassets; sourceTree = "<group>"; };
		3C8AC87F2D18104C008CE8EC /* Preview Assets.xcassets */ = {isa = PBXFileReference; lastKnownFileType = folder.assetcatalog; path = "Preview Assets.xcassets"; sourceTree = "<group>"; };
		3C8AC8852D18104C008CE8EC /* CaliTests.xctest */ = {isa = PBXFileReference; explicitFileType = wrapper.cfbundle; includeInIndex = 0; path = CaliTests.xctest; sourceTree = BUILT_PRODUCTS_DIR; };
		3C8AC8892D18104C008CE8EC /* CaliTests.swift */ = {isa = PBXFileReference; lastKnownFileType = sourcecode.swift; path = CaliTests.swift; sourceTree = "<group>"; };
		3C8AC88F2D18104C008CE8EC /* CaliUITests.xctest */ = {isa = PBXFileReference; explicitFileType = wrapper.cfbundle; includeInIndex = 0; path = CaliUITests.xctest; sourceTree = BUILT_PRODUCTS_DIR; };
		3C8AC8932D18104C008CE8EC /* CaliUITests.swift */ = {isa = PBXFileReference; lastKnownFileType = sourcecode.swift; path = CaliUITests.swift; sourceTree = "<group>"; };
		3C8AC8952D18104C008CE8EC /* CaliUITestsLaunchTests.swift */ = {isa = PBXFileReference; lastKnownFileType = sourcecode.swift; path = CaliUITestsLaunchTests.swift; sourceTree = "<group>"; };
/* End PBXFileReference section */

/* Begin PBXFrameworksBuildPhase section */
		3C8AC8722D18104A008CE8EC /* Frameworks */ = {
			isa = PBXFrameworksBuildPhase;
			buildActionMask = 2147483647;
			files = (
			);
			runOnlyForDeploymentPostprocessing = 0;
		};
		3C8AC8822D18104C008CE8EC /* Frameworks */ = {
			isa = PBXFrameworksBuildPhase;
			buildActionMask = 2147483647;
			files = (
			);
			runOnlyForDeploymentPostprocessing = 0;
		};
		3C8AC88C2D18104C008CE8EC /* Frameworks */ = {
			isa = PBXFrameworksBuildPhase;
			buildActionMask = 2147483647;
			files = (
			);
			runOnlyForDeploymentPostprocessing = 0;
		};
/* End PBXFrameworksBuildPhase section */

/* Begin PBXGroup section */
		3C8AC86C2D18104A008CE8EC = {
			isa = PBXGroup;
			children = (
				3C8AC8772D18104A008CE8EC /* Cali */,
				3C8AC8882D18104C008CE8EC /* CaliTests */,
				3C8AC8922D18104C008CE8EC /* CaliUITests */,
				3C8AC8762D18104A008CE8EC /* Products */,
			);
			sourceTree = "<group>";
		};
		3C8AC8762D18104A008CE8EC /* Products */ = {
			isa = PBXGroup;
			children = (
				3C8AC8752D18104A008CE8EC /* Cali.app */,
				3C8AC8852D18104C008CE8EC /* CaliTests.xctest */,
				3C8AC88F2D18104C008CE8EC /* CaliUITests.xctest */,
			);
			name = Products;
			sourceTree = "<group>";
		};
		3C8AC8772D18104A008CE8EC /* Cali */ = {
			isa = PBXGroup;
			children = (
				3C8AC8782D18104A008CE8EC /* CaliApp.swift */,
				3C8AC87A2D18104A008CE8EC /* ContentView.swift */,
				3C8AC87C2D18104C008CE8EC /* Assets.xcassets */,
				3C8AC87E2D18104C008CE8EC /* Preview Content */,
			);
			path = Cali;
			sourceTree = "<group>";
		};
		3C8AC87E2D18104C008CE8EC /* Preview Content */ = {
			isa = PBXGroup;
			children = (
				3C8AC87F2D18104C008CE8EC /* Preview Assets.xcassets */,
			);
			path = "Preview Content";
			sourceTree = "<group>";
		};
		3C8AC8882D18104C008CE8EC /* CaliTests */ = {
			isa = PBXGroup;
			children = (
				3C8AC8892D18104C008CE8EC /* CaliTests.swift */,
			);
			path = CaliTests;
			sourceTree = "<group>";
		};
		3C8AC8922D18104C008CE8EC /* CaliUITests */ = {
			isa = PBXGroup;
			children = (
				3C8AC8932D18104C008CE8EC /* CaliUITests.swift */,
				3C8AC8952D18104C008CE8EC /* CaliUITestsLaunchTests.swift */,
			);
			path = CaliUITests;
			sourceTree = "<group>";
		};
/* End PBXGroup section */

/* Begin PBXNativeTarget section */
		3C8AC8742D18104A008CE8EC /* Cali */ = {
			isa = PBXNativeTarget;
			buildConfigurationList = 3C8AC8992D18104C008CE8EC /* Build configuration list for PBXNativeTarget "Cali" */;
			buildPhases = (
				3C8AC8712D18104A008CE8EC /* Sources */,
				3C8AC8722D18104A008CE8EC /* Frameworks */,
				3C8AC8732D18104A008CE8EC /* Resources */,
			);
			buildRules = (
			);
			dependencies = (
			);
			name = Cali;
			productName = Cali;
			productReference = 3C8AC8752D18104A008CE8EC /* Cali.app */;
			productType = "com.apple.product-type.application";
		};
		3C8AC8842D18104C008CE8EC /* CaliTests */ = {
			isa = PBXNativeTarget;
			buildConfigurationList = 3C8AC89C2D18104C008CE8EC /* Build configuration list for PBXNativeTarget "CaliTests" */;
			buildPhases = (
				3C8AC8812D18104C008CE8EC /* Sources */,
				3C8AC8822D18104C008CE8EC /* Frameworks */,
				3C8AC8832D18104C008CE8EC /* Resources */,
			);
			buildRules = (
			);
			dependencies = (
				3C8AC8872D18104C008CE8EC /* PBXTargetDependency */,
			);
			name = CaliTests;
			productName = CaliTests;
			productReference = 3C8AC8852D18104C008CE8EC /* CaliTests.xctest */;
			productType = "com.apple.product-type.bundle.unit-test";
		};
		3C8AC88E2D18104C008CE8EC /* CaliUITests */ = {
			isa = PBXNativeTarget;
			buildConfigurationList = 3C8AC89F2D18104C008CE8EC /* Build configuration list for PBXNativeTarget "CaliUITests" */;
			buildPhases = (
				3C8AC88B2D18104C008CE8EC /* Sources */,
				3C8AC88C2D18104C008CE8EC /* Frameworks */,
				3C8AC88D2D18104C008CE8EC /* Resources */,
			);
			buildRules = (
			);
			dependencies = (
				3C8AC8912D18104C008CE8EC /* PBXTargetDependency */,
			);
			name = CaliUITests;
			productName = CaliUITests;
			productReference = 3C8AC88F2D18104C008CE8EC /* CaliUITests.xctest */;
			productType = "com.apple.product-type.bundle.ui-testing";
		};
/* End PBXNativeTarget section */

/* Begin PBXProject section */
		3C8AC86D2D18104A008CE8EC /* Project object */ = {
			isa = PBXProject;
			attributes = {
				BuildIndependentTargetsInParallel = 1;
				LastSwiftUpdateCheck = 1540;
				LastUpgradeCheck = 1540;
				TargetAttributes = {
					3C8AC8742D18104A008CE8EC = {
						CreatedOnToolsVersion = 15.4;
					};
					3C8AC8842D18104C008CE8EC = {
						CreatedOnToolsVersion = 15.4;
						TestTargetID = 3C8AC8742D18104A008CE8EC;
					};
					3C8AC88E2D18104C008CE8EC = {
						CreatedOnToolsVersion = 15.4;
						TestTargetID = 3C8AC8742D18104A008CE8EC;
					};
				};
			};
			buildConfigurationList = 3C8AC8702D18104A008CE8EC /* Build configuration list for PBXProject "Cali" */;
			compatibilityVersion = "Xcode 14.0";
			developmentRegion = en;
			hasScannedForEncodings = 0;
			knownRegions = (
				en,
				Base,
			);
			mainGroup = 3C8AC86C2D18104A008CE8EC;
			productRefGroup = 3C8AC8762D18104A008CE8EC /* Products */;
			projectDirPath = "";
			projectRoot = "";
			targets = (
				3C8AC8742D18104A008CE8EC /* Cali */,
				3C8AC8842D18104C008CE8EC /* CaliTests */,
				3C8AC88E2D18104C008CE8EC /* CaliUITests */,
			);
		};
/* End PBXProject section */

/* Begin PBXResourcesBuildPhase section */
		3C8AC8732D18104A008CE8EC /* Resources */ = {
			isa = PBXResourcesBuildPhase;
			buildActionMask = 2147483647;
			files = (
				3C8AC8802D18104C008CE8EC /* Preview Assets.xcassets in Resources */,
				3C8AC87D2D18104C008CE8EC /* Assets.xcassets in Resources */,
			);
			runOnlyForDeploymentPostprocessing = 0;
		};
		3C8AC8832D18104C008CE8EC /* Resources */ = {
			isa = PBXResourcesBuildPhase;
			buildActionMask = 2147483647;
			files = (
			);
			runOnlyForDeploymentPostprocessing = 0;
		};
		3C8AC88D2D18104C008CE8EC /* Resources */ = {
			isa = PBXResourcesBuildPhase;
			buildActionMask = 2147483647;
			files = (
			);
			runOnlyForDeploymentPostprocessing = 0;
		};
/* End PBXResourcesBuildPhase section */

/* Begin PBXSourcesBuildPhase section */
		3C8AC8712D18104A008CE8EC /* Sources */ = {
			isa = PBXSourcesBuildPhase;
			buildActionMask = 2147483647;
			files = (
				3C8AC87B2D18104A008CE8EC /* ContentView.swift in Sources */,
				3C8AC8792D18104A008CE8EC /* CaliApp.swift in Sources */,
			);
			runOnlyForDeploymentPostprocessing = 0;
		};
		3C8AC8812D18104C008CE8EC /* Sources */ = {
			isa = PBXSourcesBuildPhase;
			buildActionMask = 2147483647;
			files = (
				3C8AC88A2D18104C008CE8EC /* CaliTests.swift in Sources */,
			);
			runOnlyForDeploymentPostprocessing = 0;
		};
		3C8AC88B2D18104C008CE8EC /* Sources */ = {
			isa = PBXSourcesBuildPhase;
			buildActionMask = 2147483647;
			files = (
				3C8AC8942D18104C008CE8EC /* CaliUITests.swift in Sources */,
				3C8AC8962D18104C008CE8EC /* CaliUITestsLaunchTests.swift in Sources */,
			);
			runOnlyForDeploymentPostprocessing = 0;
		};
/* End PBXSourcesBuildPhase section */

/* Begin PBXTargetDependency section */
		3C8AC8872D18104C008CE8EC /* PBXTargetDependency */ = {
			isa = PBXTargetDependency;
			target = 3C8AC8742D18104A008CE8EC /* Cali */;
			targetProxy = 3C8AC8862D18104C008CE8EC /* PBXContainerItemProxy */;
		};
		3C8AC8912D18104C008CE8EC /* PBXTargetDependency */ = {
			isa = PBXTargetDependency;
			target = 3C8AC8742D18104A008CE8EC /* Cali */;
			targetProxy = 3C8AC8902D18104C008CE8EC /* PBXContainerItemProxy */;
		};
/* End PBXTargetDependency section */

/* Begin XCBuildConfiguration section */
		3C8AC8972D18104C008CE8EC /* Debug */ = {
			isa = XCBuildConfiguration;
			buildSettings = {
				ALWAYS_SEARCH_USER_PATHS = NO;
				ASSETCATALOG_COMPILER_GENERATE_SWIFT_ASSET_SYMBOL_EXTENSIONS = YES;
				CLANG_ANALYZER_NONNULL = YES;
				CLANG_ANALYZER_NUMBER_OBJECT_CONVERSION = YES_AGGRESSIVE;
				CLANG_CXX_LANGUAGE_STANDARD = "gnu++20";
				CLANG_ENABLE_MODULES = YES;
				CLANG_ENABLE_OBJC_ARC = YES;
				CLANG_ENABLE_OBJC_WEAK = YES;
				CLANG_WARN_BLOCK_CAPTURE_AUTORELEASING = YES;
				CLANG_WARN_BOOL_CONVERSION = YES;
				CLANG_WARN_COMMA = YES;
				CLANG_WARN_CONSTANT_CONVERSION = YES;
				CLANG_WARN_DEPRECATED_OBJC_IMPLEMENTATIONS = YES;
				CLANG_WARN_DIRECT_OBJC_ISA_USAGE = YES_ERROR;
				CLANG_WARN_DOCUMENTATION_COMMENTS = YES;
				CLANG_WARN_EMPTY_BODY = YES;
				CLANG_WARN_ENUM_CONVERSION = YES;
				CLANG_WARN_INFINITE_RECURSION = YES;
				CLANG_WARN_INT_CONVERSION = YES;
				CLANG_WARN_NON_LITERAL_NULL_CONVERSION = YES;
				CLANG_WARN_OBJC_IMPLICIT_RETAIN_SELF = YES;
				CLANG_WARN_OBJC_LITERAL_CONVERSION = YES;
				CLANG_WARN_OBJC_ROOT_CLASS = YES_ERROR;
				CLANG_WARN_QUOTED_INCLUDE_IN_FRAMEWORK_HEADER = YES;
				CLANG_WARN_RANGE_LOOP_ANALYSIS = YES;
				CLANG_WARN_STRICT_PROTOTYPES = YES;
				CLANG_WARN_SUSPICIOUS_MOVE = YES;
				CLANG_WARN_UNGUARDED_AVAILABILITY = YES_AGGRESSIVE;
				CLANG_WARN_UNREACHABLE_CODE = YES;
				CLANG_WARN__DUPLICATE_METHOD_MATCH = YES;
				COPY_PHASE_STRIP = NO;
				DEBUG_INFORMATION_FORMAT = dwarf;
				ENABLE_STRICT_OBJC_MSGSEND = YES;
				ENABLE_TESTABILITY = YES;
				ENABLE_USER_SCRIPT_SANDBOXING = YES;
				GCC_C_LANGUAGE_STANDARD = gnu17;
				GCC_DYNAMIC_NO_PIC = NO;
				GCC_NO_COMMON_BLOCKS = YES;
				GCC_OPTIMIZATION_LEVEL = 0;
				GCC_PREPROCESSOR_DEFINITIONS = (
					"DEBUG=1",
					"$(inherited)",
				);
				GCC_WARN_64_TO_32_BIT_CONVERSION = YES;
				GCC_WARN_ABOUT_RETURN_TYPE = YES_ERROR;
				GCC_WARN_UNDECLARED_SELECTOR = YES;
				GCC_WARN_UNINITIALIZED_AUTOS = YES_AGGRESSIVE;
				GCC_WARN_UNUSED_FUNCTION = YES;
				GCC_WARN_UNUSED_VARIABLE = YES;
				IPHONEOS_DEPLOYMENT_TARGET = 17.5;
				LOCALIZATION_PREFERS_STRING_CATALOGS = YES;
				MTL_ENABLE_DEBUG_INFO = INCLUDE_SOURCE;
				MTL_FAST_MATH = YES;
				ONLY_ACTIVE_ARCH = YES;
				SDKROOT = iphoneos;
				SWIFT_ACTIVE_COMPILATION_CONDITIONS = "DEBUG $(inherited)";
				SWIFT_OPTIMIZATION_LEVEL = "-Onone";
			};
			name = Debug;
		};
		3C8AC8982D18104C008CE8EC /* Release */ = {
			isa = XCBuildConfiguration;
			buildSettings = {
				ALWAYS_SEARCH_USER_PATHS = NO;
				ASSETCATALOG_COMPILER_GENERATE_SWIFT_ASSET_SYMBOL_EXTENSIONS = YES;
				CLANG_ANALYZER_NONNULL = YES;
				CLANG_ANALYZER_NUMBER_OBJECT_CONVERSION = YES_AGGRESSIVE;
				CLANG_CXX_LANGUAGE_STANDARD = "gnu++20";
				CLANG_ENABLE_MODULES = YES;
				CLANG_ENABLE_OBJC_ARC = YES;
				CLANG_ENABLE_OBJC_WEAK = YES;
				CLANG_WARN_BLOCK_CAPTURE_AUTORELEASING = YES;
				CLANG_WARN_BOOL_CONVERSION = YES;
				CLANG_WARN_COMMA = YES;
				CLANG_WARN_CONSTANT_CONVERSION = YES;
				CLANG_WARN_DEPRECATED_OBJC_IMPLEMENTATIONS = YES;
				CLANG_WARN_DIRECT_OBJC_ISA_USAGE = YES_ERROR;
				CLANG_WARN_DOCUMENTATION_COMMENTS = YES;
				CLANG_WARN_EMPTY_BODY = YES;
				CLANG_WARN_ENUM_CONVERSION = YES;
				CLANG_WARN_INFINITE_RECURSION = YES;
				CLANG_WARN_INT_CONVERSION = YES;
				CLANG_WARN_NON_LITERAL_NULL_CONVERSION = YES;
				CLANG_WARN_OBJC_IMPLICIT_RETAIN_SELF = YES;
				CLANG_WARN_OBJC_LITERAL_CONVERSION = YES;
				CLANG_WARN_OBJC_ROOT_CLASS = YES_ERROR;
				CLANG_WARN_QUOTED_INCLUDE_IN_FRAMEWORK_HEADER = YES;
				CLANG_WARN_RANGE_LOOP_ANALYSIS = YES;
				CLANG_WARN_STRICT_PROTOTYPES = YES;
				CLANG_WARN_SUSPICIOUS_MOVE = YES;
				CLANG_WARN_UNGUARDED_AVAILABILITY = YES_AGGRESSIVE;
				CLANG_WARN_UNREACHABLE_CODE = YES;
				CLANG_WARN__DUPLICATE_METHOD_MATCH = YES;
				COPY_PHASE_STRIP = NO;
				DEBUG_INFORMATION_FORMAT = "dwarf-with-dsym";
				ENABLE_NS_ASSERTIONS = NO;
				ENABLE_STRICT_OBJC_MSGSEND = YES;
				ENABLE_USER_SCRIPT_SANDBOXING = YES;
				GCC_C_LANGUAGE_STANDARD = gnu17;
				GCC_NO_COMMON_BLOCKS = YES;
				GCC_WARN_64_TO_32_BIT_CONVERSION = YES;
				GCC_WARN_ABOUT_RETURN_TYPE = YES_ERROR;
				GCC_WARN_UNDECLARED_SELECTOR = YES;
				GCC_WARN_UNINITIALIZED_AUTOS = YES_AGGRESSIVE;
				GCC_WARN_UNUSED_FUNCTION = YES;
				GCC_WARN_UNUSED_VARIABLE = YES;
				IPHONEOS_DEPLOYMENT_TARGET = 17.5;
				LOCALIZATION_PREFERS_STRING_CATALOGS = YES;
				MTL_ENABLE_DEBUG_INFO = NO;
				MTL_FAST_MATH = YES;
				SDKROOT = iphoneos;
				SWIFT_COMPILATION_MODE = wholemodule;
				VALIDATE_PRODUCT = YES;
			};
			name = Release;
		};
		3C8AC89A2D18104C008CE8EC /* Debug */ = {
			isa = XCBuildConfiguration;
			buildSettings = {
				ASSETCATALOG_COMPILER_APPICON_NAME = AppIcon;
				ASSETCATALOG_COMPILER_GLOBAL_ACCENT_COLOR_NAME = AccentColor;
				CODE_SIGN_STYLE = Automatic;
				CURRENT_PROJECT_VERSION = 1;
				DEVELOPMENT_ASSET_PATHS = "\"Cali/Preview Content\"";
				ENABLE_PREVIEWS = YES;
				GENERATE_INFOPLIST_FILE = YES;
				INFOPLIST_KEY_UIApplicationSceneManifest_Generation = YES;
				INFOPLIST_KEY_UIApplicationSupportsIndirectInputEvents = YES;
				INFOPLIST_KEY_UILaunchScreen_Generation = YES;
				INFOPLIST_KEY_UISupportedInterfaceOrientations_iPad = "UIInterfaceOrientationPortrait UIInterfaceOrientationPortraitUpsideDown UIInterfaceOrientationLandscapeLeft UIInterfaceOrientationLandscapeRight";
				INFOPLIST_KEY_UISupportedInterfaceOrientations_iPhone = "UIInterfaceOrientationPortrait UIInterfaceOrientationLandscapeLeft UIInterfaceOrientationLandscapeRight";
				LD_RUNPATH_SEARCH_PATHS = (
					"$(inherited)",
					"@executable_path/Frameworks",
				);
				MARKETING_VERSION = 1.0;
				PRODUCT_BUNDLE_IDENTIFIER = com.teamcali.Cali;
				PRODUCT_NAME = "$(TARGET_NAME)";
				SWIFT_EMIT_LOC_STRINGS = YES;
				SWIFT_VERSION = 5.0;
				TARGETED_DEVICE_FAMILY = "1,2";
			};
			name = Debug;
		};
		3C8AC89B2D18104C008CE8EC /* Release */ = {
			isa = XCBuildConfiguration;
			buildSettings = {
				ASSETCATALOG_COMPILER_APPICON_NAME = AppIcon;
				ASSETCATALOG_COMPILER_GLOBAL_ACCENT_COLOR_NAME = AccentColor;
				CODE_SIGN_STYLE = Automatic;
				CURRENT_PROJECT_VERSION = 1;
				DEVELOPMENT_ASSET_PATHS = "\"Cali/Preview Content\"";
				ENABLE_PREVIEWS = YES;
				GENERATE_INFOPLIST_FILE = YES;
				INFOPLIST_KEY_UIApplicationSceneManifest_Generation = YES;
				INFOPLIST_KEY_UIApplicationSupportsIndirectInputEvents = YES;
				INFOPLIST_KEY_UILaunchScreen_Generation = YES;
				INFOPLIST_KEY_UISupportedInterfaceOrientations_iPad = "UIInterfaceOrientationPortrait UIInterfaceOrientationPortraitUpsideDown UIInterfaceOrientationLandscapeLeft UIInterfaceOrientationLandscapeRight";
				INFOPLIST_KEY_UISupportedInterfaceOrientations_iPhone = "UIInterfaceOrientationPortrait UIInterfaceOrientationLandscapeLeft UIInterfaceOrientationLandscapeRight";
				LD_RUNPATH_SEARCH_PATHS = (
					"$(inherited)",
					"@executable_path/Frameworks",
				);
				MARKETING_VERSION = 1.0;
				PRODUCT_BUNDLE_IDENTIFIER = com.teamcali.Cali;
				PRODUCT_NAME = "$(TARGET_NAME)";
				SWIFT_EMIT_LOC_STRINGS = YES;
				SWIFT_VERSION = 5.0;
				TARGETED_DEVICE_FAMILY = "1,2";
			};
			name = Release;
		};
		3C8AC89D2D18104C008CE8EC /* Debug */ = {
			isa = XCBuildConfiguration;
			buildSettings = {
				ALWAYS_EMBED_SWIFT_STANDARD_LIBRARIES = YES;
				BUNDLE_LOADER = "$(TEST_HOST)";
				CODE_SIGN_STYLE = Automatic;
				CURRENT_PROJECT_VERSION = 1;
				GENERATE_INFOPLIST_FILE = YES;
				IPHONEOS_DEPLOYMENT_TARGET = 17.5;
				MARKETING_VERSION = 1.0;
				PRODUCT_BUNDLE_IDENTIFIER = com.teamcali.CaliTests;
				PRODUCT_NAME = "$(TARGET_NAME)";
				SWIFT_EMIT_LOC_STRINGS = NO;
				SWIFT_VERSION = 5.0;
				TARGETED_DEVICE_FAMILY = "1,2";
				TEST_HOST = "$(BUILT_PRODUCTS_DIR)/Cali.app/$(BUNDLE_EXECUTABLE_FOLDER_PATH)/Cali";
			};
			name = Debug;
		};
		3C8AC89E2D18104C008CE8EC /* Release */ = {
			isa = XCBuildConfiguration;
			buildSettings = {
				ALWAYS_EMBED_SWIFT_STANDARD_LIBRARIES = YES;
				BUNDLE_LOADER = "$(TEST_HOST)";
				CODE_SIGN_STYLE = Automatic;
				CURRENT_PROJECT_VERSION = 1;
				GENERATE_INFOPLIST_FILE = YES;
				IPHONEOS_DEPLOYMENT_TARGET = 17.5;
				MARKETING_VERSION = 1.0;
				PRODUCT_BUNDLE_IDENTIFIER = com.teamcali.CaliTests;
				PRODUCT_NAME = "$(TARGET_NAME)";
				SWIFT_EMIT_LOC_STRINGS = NO;
				SWIFT_VERSION = 5.0;
				TARGETED_DEVICE_FAMILY = "1,2";
				TEST_HOST = "$(BUILT_PRODUCTS_DIR)/Cali.app/$(BUNDLE_EXECUTABLE_FOLDER_PATH)/Cali";
			};
			name = Release;
		};
		3C8AC8A02D18104C008CE8EC /* Debug */ = {
			isa = XCBuildConfiguration;
			buildSettings = {
				ALWAYS_EMBED_SWIFT_STANDARD_LIBRARIES = YES;
				CODE_SIGN_STYLE = Automatic;
				CURRENT_PROJECT_VERSION = 1;
				GENERATE_INFOPLIST_FILE = YES;
				MARKETING_VERSION = 1.0;
				PRODUCT_BUNDLE_IDENTIFIER = com.teamcali.CaliUITests;
				PRODUCT_NAME = "$(TARGET_NAME)";
				SWIFT_EMIT_LOC_STRINGS = NO;
				SWIFT_VERSION = 5.0;
				TARGETED_DEVICE_FAMILY = "1,2";
				TEST_TARGET_NAME = Cali;
			};
			name = Debug;
		};
		3C8AC8A12D18104C008CE8EC /* Release */ = {
			isa = XCBuildConfiguration;
			buildSettings = {
				ALWAYS_EMBED_SWIFT_STANDARD_LIBRARIES = YES;
				CODE_SIGN_STYLE = Automatic;
				CURRENT_PROJECT_VERSION = 1;
				GENERATE_INFOPLIST_FILE = YES;
				MARKETING_VERSION = 1.0;
				PRODUCT_BUNDLE_IDENTIFIER = com.teamcali.CaliUITests;
				PRODUCT_NAME = "$(TARGET_NAME)";
				SWIFT_EMIT_LOC_STRINGS = NO;
				SWIFT_VERSION = 5.0;
				TARGETED_DEVICE_FAMILY = "1,2";
				TEST_TARGET_NAME = Cali;
			};
			name = Release;
		};
/* End XCBuildConfiguration section */

/* Begin XCConfigurationList section */
		3C8AC8702D18104A008CE8EC /* Build configuration list for PBXProject "Cali" */ = {
			isa = XCConfigurationList;
			buildConfigurations = (
				3C8AC8972D18104C008CE8EC /* Debug */,
				3C8AC8982D18104C008CE8EC /* Release */,
			);
			defaultConfigurationIsVisible = 0;
			defaultConfigurationName = Release;
		};
		3C8AC8992D18104C008CE8EC /* Build configuration list for PBXNativeTarget "Cali" */ = {
			isa = XCConfigurationList;
			buildConfigurations = (
				3C8AC89A2D18104C008CE8EC /* Debug */,
				3C8AC89B2D18104C008CE8EC /* Release */,
			);
			defaultConfigurationIsVisible = 0;
			defaultConfigurationName = Release;
		};
		3C8AC89C2D18104C008CE8EC /* Build configuration list for PBXNativeTarget "CaliTests" */ = {
			isa = XCConfigurationList;
			buildConfigurations = (
				3C8AC89D2D18104C008CE8EC /* Debug */,
				3C8AC89E2D18104C008CE8EC /* Release */,
			);
			defaultConfigurationIsVisible = 0;
			defaultConfigurationName = Release;
		};
		3C8AC89F2D18104C008CE8EC /* Build configuration list for PBXNativeTarget "CaliUITests" */ = {
			isa = XCConfigurationList;
			buildConfigurations = (
				3C8AC8A02D18104C008CE8EC /* Debug */,
				3C8AC8A12D18104C008CE8EC /* Release */,
			);
			defaultConfigurationIsVisible = 0;
			defaultConfigurationName = Release;
		};
/* End XCConfigurationList section */
	};
	rootObject = 3C8AC86D2D18104A008CE8EC /* Project object */;
}
